
Microsoft Visual Studio Solution File, Format Version 12.00
# Visual Studio 2012
Project("{E24C65DC-7377-472B-9ABA-BC803B73C61A}") = "GitTest", "GitTest\", "{7B63D478-8B49-4F7F-A123-F4F7A93540C8}"
	ProjectSection(WebsiteProperties) = preProject
		TargetFrameworkMoniker = ".NETFramework,Version%3Dv4.5"
		Debug.AspNetCompiler.VirtualPath = "/GitTest"
		Debug.AspNetCompiler.PhysicalPath = "GitTest\"
		Debug.AspNetCompiler.TargetPath = "PrecompiledWeb\GitTest\"
		Debug.AspNetCompiler.Updateable = "true"
		Debug.AspNetCompiler.ForceOverwrite = "true"
		Debug.AspNetCompiler.FixedNames = "false"
		Debug.AspNetCompiler.Debug = "True"
		Release.AspNetCompiler.VirtualPath = "/GitTest"
		Release.AspNetCompiler.PhysicalPath = "GitTest\"
		Release.AspNetCompiler.TargetPath = "PrecompiledWeb\GitTest\"
		Release.AspNetCompiler.Updateable = "true"
		Release.AspNetCompiler.ForceOverwrite = "true"
		Release.AspNetCompiler.FixedNames = "false"
		Release.AspNetCompiler.Debug = "False"
		VWDPort = "2373"
	EndProjectSection
EndProject
Global
	GlobalSection(SolutionConfigurationPlatforms) = preSolution
		Debug|Any CPU = Debug|Any CPU
	EndGlobalSection
	GlobalSection(ProjectConfigurationPlatforms) = postSolution
		{7B63D478-8B49-4F7F-A123-F4F7A93540C8}.Debug|Any CPU.ActiveCfg = Debug|Any CPU
		{7B63D478-8B49-4F7F-A123-F4F7A93540C8}.Debug|Any CPU.Build.0 = Debug|Any CPU
	EndGlobalSection
	GlobalSection(SolutionProperties) = preSolution
		HideSolutionNode = FALSE
	EndGlobalSection
EndGlobal
